
Microsoft Visual Studio Solution File, Format Version 12.00
# Visual Studio 15
VisualStudioVersion = 15.0.26730.12
MinimumVisualStudioVersion = 10.0.40219.1
Project("{9A19103F-16F7-4668-BE54-9A1E7A4F7556}") = "KekStarter", "KekStarter.csproj", "{AE80FB55-B7D2-4815-B4CF-92820C0BF55F}"
EndProject
Global
	GlobalSection(SolutionConfigurationPlatforms) = preSolution
		Debug|Any CPU = Debug|Any CPU
		Release|Any CPU = Release|Any CPU
	EndGlobalSection
	GlobalSection(ProjectConfigurationPlatforms) = postSolution
		{AE80FB55-B7D2-4815-B4CF-92820C0BF55F}.Debug|Any CPU.ActiveCfg = Debug|Any CPU
		{AE80FB55-B7D2-4815-B4CF-92820C0BF55F}.Debug|Any CPU.Build.0 = Debug|Any CPU
		{AE80FB55-B7D2-4815-B4CF-92820C0BF55F}.Release|Any CPU.ActiveCfg = Release|Any CPU
		{AE80FB55-B7D2-4815-B4CF-92820C0BF55F}.Release|Any CPU.Build.0 = Release|Any CPU
	EndGlobalSection
	GlobalSection(SolutionProperties) = preSolution
		HideSolutionNode = FALSE
	EndGlobalSection
	GlobalSection(ExtensibilityGlobals) = postSolution
		SolutionGuid = {A938B351-1774-49A0-A7AE-0C76BD649F19}
	EndGlobalSection
EndGlobal
