
Microsoft Visual Studio Solution File, Format Version 12.00
# Visual Studio 15
VisualStudioVersion = 15.0.26730.12
MinimumVisualStudioVersion = 10.0.40219.1
Project("{9A19103F-16F7-4668-BE54-9A1E7A4F7556}") = "KekStarter", "KekStarter.csproj", "{35EC9F8A-C489-4A38-9F4B-210E8F533F45}"
EndProject
Global
	GlobalSection(SolutionConfigurationPlatforms) = preSolution
		Debug|Any CPU = Debug|Any CPU
		Release|Any CPU = Release|Any CPU
	EndGlobalSection
	GlobalSection(ProjectConfigurationPlatforms) = postSolution
		{35EC9F8A-C489-4A38-9F4B-210E8F533F45}.Debug|Any CPU.ActiveCfg = Debug|Any CPU
		{35EC9F8A-C489-4A38-9F4B-210E8F533F45}.Debug|Any CPU.Build.0 = Debug|Any CPU
		{35EC9F8A-C489-4A38-9F4B-210E8F533F45}.Release|Any CPU.ActiveCfg = Release|Any CPU
		{35EC9F8A-C489-4A38-9F4B-210E8F533F45}.Release|Any CPU.Build.0 = Release|Any CPU
	EndGlobalSection
	GlobalSection(SolutionProperties) = preSolution
		HideSolutionNode = FALSE
	EndGlobalSection
	GlobalSection(ExtensibilityGlobals) = postSolution
		SolutionGuid = {3B79F243-D818-40BD-8244-5424BBDB062E}
	EndGlobalSection
EndGlobal
